
Microsoft Visual Studio Solution File, Format Version 12.00
# Visual Studio 14
VisualStudioVersion = 14.0.25420.1
MinimumVisualStudioVersion = 10.0.40219.1
Project("{D954291E-2A0B-460D-934E-DC6B0785DB48}") = "STORE", "STORE\STORE\STORE.shproj", "{FF588C92-C7FA-41E3-9E9C-CDE91F37AD37}"
EndProject
Project("{FAE04EC0-301F-11D3-BF4B-00C04F79EFBC}") = "STORE.Android", "STORE\STORE.Android\STORE.Android.csproj", "{3EE3312C-EDEA-4277-BBE5-F19AA4B3DEC7}"
EndProject
Project("{FAE04EC0-301F-11D3-BF4B-00C04F79EFBC}") = "STORE.iOS", "STORE\STORE.iOS\STORE.iOS.csproj", "{5EF48638-E31A-44FE-85F9-EC95D2AD746B}"
EndProject
Project("{FAE04EC0-301F-11D3-BF4B-00C04F79EFBC}") = "STORE.UWP", "STORE\STORE.UWP\STORE.UWP.csproj", "{73D6E7C8-BB3B-41BF-9A3B-0DC0EA295C54}"
EndProject
Global
	GlobalSection(SharedMSBuildProjectFiles) = preSolution
		STORE\STORE\STORE.projitems*{3ee3312c-edea-4277-bbe5-f19aa4b3dec7}*SharedItemsImports = 4
		STORE\STORE\STORE.projitems*{5ef48638-e31a-44fe-85f9-ec95d2ad746b}*SharedItemsImports = 4
		STORE\STORE\STORE.projitems*{ff588c92-c7fa-41e3-9e9c-cde91f37ad37}*SharedItemsImports = 13
	EndGlobalSection
	GlobalSection(SolutionConfigurationPlatforms) = preSolution
		Ad-Hoc|Any CPU = Ad-Hoc|Any CPU
		Ad-Hoc|ARM = Ad-Hoc|ARM
		Ad-Hoc|iPhone = Ad-Hoc|iPhone
		Ad-Hoc|iPhoneSimulator = Ad-Hoc|iPhoneSimulator
		Ad-Hoc|x64 = Ad-Hoc|x64
		Ad-Hoc|x86 = Ad-Hoc|x86
		AppStore|Any CPU = AppStore|Any CPU
		AppStore|ARM = AppStore|ARM
		AppStore|iPhone = AppStore|iPhone
		AppStore|iPhoneSimulator = AppStore|iPhoneSimulator
		AppStore|x64 = AppStore|x64
		AppStore|x86 = AppStore|x86
		Debug|Any CPU = Debug|Any CPU
		Debug|ARM = Debug|ARM
		Debug|iPhone = Debug|iPhone
		Debug|iPhoneSimulator = Debug|iPhoneSimulator
		Debug|x64 = Debug|x64
		Debug|x86 = Debug|x86
		Release|Any CPU = Release|Any CPU
		Release|ARM = Release|ARM
		Release|iPhone = Release|iPhone
		Release|iPhoneSimulator = Release|iPhoneSimulator
		Release|x64 = Release|x64
		Release|x86 = Release|x86
	EndGlobalSection
	GlobalSection(ProjectConfigurationPlatforms) = postSolution
		{3EE3312C-EDEA-4277-BBE5-F19AA4B3DEC7}.Ad-Hoc|Any CPU.ActiveCfg = Release|Any CPU
		{3EE3312C-EDEA-4277-BBE5-F19AA4B3DEC7}.Ad-Hoc|Any CPU.Build.0 = Release|Any CPU
		{3EE3312C-EDEA-4277-BBE5-F19AA4B3DEC7}.Ad-Hoc|Any CPU.Deploy.0 = Release|Any CPU
		{3EE3312C-EDEA-4277-BBE5-F19AA4B3DEC7}.Ad-Hoc|ARM.ActiveCfg = Release|Any CPU
		{3EE3312C-EDEA-4277-BBE5-F19AA4B3DEC7}.Ad-Hoc|ARM.Build.0 = Release|Any CPU
		{3EE3312C-EDEA-4277-BBE5-F19AA4B3DEC7}.Ad-Hoc|ARM.Deploy.0 = Release|Any CPU
		{3EE3312C-EDEA-4277-BBE5-F19AA4B3DEC7}.Ad-Hoc|iPhone.ActiveCfg = Release|Any CPU
		{3EE3312C-EDEA-4277-BBE5-F19AA4B3DEC7}.Ad-Hoc|iPhone.Build.0 = Release|Any CPU
		{3EE3312C-EDEA-4277-BBE5-F19AA4B3DEC7}.Ad-Hoc|iPhone.Deploy.0 = Release|Any CPU
		{3EE3312C-EDEA-4277-BBE5-F19AA4B3DEC7}.Ad-Hoc|iPhoneSimulator.ActiveCfg = Release|Any CPU
		{3EE3312C-EDEA-4277-BBE5-F19AA4B3DEC7}.Ad-Hoc|iPhoneSimulator.Build.0 = Release|Any CPU
		{3EE3312C-EDEA-4277-BBE5-F19AA4B3DEC7}.Ad-Hoc|iPhoneSimulator.Deploy.0 = Release|Any CPU
		{3EE3312C-EDEA-4277-BBE5-F19AA4B3DEC7}.Ad-Hoc|x64.ActiveCfg = Release|Any CPU
		{3EE3312C-EDEA-4277-BBE5-F19AA4B3DEC7}.Ad-Hoc|x64.Build.0 = Release|Any CPU
		{3EE3312C-EDEA-4277-BBE5-F19AA4B3DEC7}.Ad-Hoc|x64.Deploy.0 = Release|Any CPU
		{3EE3312C-EDEA-4277-BBE5-F19AA4B3DEC7}.Ad-Hoc|x86.ActiveCfg = Release|Any CPU
		{3EE3312C-EDEA-4277-BBE5-F19AA4B3DEC7}.Ad-Hoc|x86.Build.0 = Release|Any CPU
		{3EE3312C-EDEA-4277-BBE5-F19AA4B3DEC7}.Ad-Hoc|x86.Deploy.0 = Release|Any CPU
		{3EE3312C-EDEA-4277-BBE5-F19AA4B3DEC7}.AppStore|Any CPU.ActiveCfg = Release|Any CPU
		{3EE3312C-EDEA-4277-BBE5-F19AA4B3DEC7}.AppStore|Any CPU.Build.0 = Release|Any CPU
		{3EE3312C-EDEA-4277-BBE5-F19AA4B3DEC7}.AppStore|Any CPU.Deploy.0 = Release|Any CPU
		{3EE3312C-EDEA-4277-BBE5-F19AA4B3DEC7}.AppStore|ARM.ActiveCfg = Release|Any CPU
		{3EE3312C-EDEA-4277-BBE5-F19AA4B3DEC7}.AppStore|ARM.Build.0 = Release|Any CPU
		{3EE3312C-EDEA-4277-BBE5-F19AA4B3DEC7}.AppStore|ARM.Deploy.0 = Release|Any CPU
		{3EE3312C-EDEA-4277-BBE5-F19AA4B3DEC7}.AppStore|iPhone.ActiveCfg = Release|Any CPU
		{3EE3312C-EDEA-4277-BBE5-F19AA4B3DEC7}.AppStore|iPhone.Build.0 = Release|Any CPU
		{3EE3312C-EDEA-4277-BBE5-F19AA4B3DEC7}.AppStore|iPhone.Deploy.0 = Release|Any CPU
		{3EE3312C-EDEA-4277-BBE5-F19AA4B3DEC7}.AppStore|iPhoneSimulator.ActiveCfg = Release|Any CPU
		{3EE3312C-EDEA-4277-BBE5-F19AA4B3DEC7}.AppStore|iPhoneSimulator.Build.0 = Release|Any CPU
		{3EE3312C-EDEA-4277-BBE5-F19AA4B3DEC7}.AppStore|iPhoneSimulator.Deploy.0 = Release|Any CPU
		{3EE3312C-EDEA-4277-BBE5-F19AA4B3DEC7}.AppStore|x64.ActiveCfg = Release|Any CPU
		{3EE3312C-EDEA-4277-BBE5-F19AA4B3DEC7}.AppStore|x64.Build.0 = Release|Any CPU
		{3EE3312C-EDEA-4277-BBE5-F19AA4B3DEC7}.AppStore|x64.Deploy.0 = Release|Any CPU
		{3EE3312C-EDEA-4277-BBE5-F19AA4B3DEC7}.AppStore|x86.ActiveCfg = Release|Any CPU
		{3EE3312C-EDEA-4277-BBE5-F19AA4B3DEC7}.AppStore|x86.Build.0 = Release|Any CPU
		{3EE3312C-EDEA-4277-BBE5-F19AA4B3DEC7}.AppStore|x86.Deploy.0 = Release|Any CPU
		{3EE3312C-EDEA-4277-BBE5-F19AA4B3DEC7}.Debug|Any CPU.ActiveCfg = Debug|Any CPU
		{3EE3312C-EDEA-4277-BBE5-F19AA4B3DEC7}.Debug|Any CPU.Build.0 = Debug|Any CPU
		{3EE3312C-EDEA-4277-BBE5-F19AA4B3DEC7}.Debug|Any CPU.Deploy.0 = Debug|Any CPU
		{3EE3312C-EDEA-4277-BBE5-F19AA4B3DEC7}.Debug|ARM.ActiveCfg = Debug|Any CPU
		{3EE3312C-EDEA-4277-BBE5-F19AA4B3DEC7}.Debug|ARM.Build.0 = Debug|Any CPU
		{3EE3312C-EDEA-4277-BBE5-F19AA4B3DEC7}.Debug|ARM.Deploy.0 = Debug|Any CPU
		{3EE3312C-EDEA-4277-BBE5-F19AA4B3DEC7}.Debug|iPhone.ActiveCfg = Debug|Any CPU
		{3EE3312C-EDEA-4277-BBE5-F19AA4B3DEC7}.Debug|iPhone.Build.0 = Debug|Any CPU
		{3EE3312C-EDEA-4277-BBE5-F19AA4B3DEC7}.Debug|iPhone.Deploy.0 = Debug|Any CPU
		{3EE3312C-EDEA-4277-BBE5-F19AA4B3DEC7}.Debug|iPhoneSimulator.ActiveCfg = Debug|Any CPU
		{3EE3312C-EDEA-4277-BBE5-F19AA4B3DEC7}.Debug|iPhoneSimulator.Build.0 = Debug|Any CPU
		{3EE3312C-EDEA-4277-BBE5-F19AA4B3DEC7}.Debug|iPhoneSimulator.Deploy.0 = Debug|Any CPU
		{3EE3312C-EDEA-4277-BBE5-F19AA4B3DEC7}.Debug|x64.ActiveCfg = Debug|Any CPU
		{3EE3312C-EDEA-4277-BBE5-F19AA4B3DEC7}.Debug|x64.Build.0 = Debug|Any CPU
		{3EE3312C-EDEA-4277-BBE5-F19AA4B3DEC7}.Debug|x64.Deploy.0 = Debug|Any CPU
		{3EE3312C-EDEA-4277-BBE5-F19AA4B3DEC7}.Debug|x86.ActiveCfg = Debug|Any CPU
		{3EE3312C-EDEA-4277-BBE5-F19AA4B3DEC7}.Debug|x86.Build.0 = Debug|Any CPU
		{3EE3312C-EDEA-4277-BBE5-F19AA4B3DEC7}.Debug|x86.Deploy.0 = Debug|Any CPU
		{3EE3312C-EDEA-4277-BBE5-F19AA4B3DEC7}.Release|Any CPU.ActiveCfg = Release|Any CPU
		{3EE3312C-EDEA-4277-BBE5-F19AA4B3DEC7}.Release|Any CPU.Build.0 = Release|Any CPU
		{3EE3312C-EDEA-4277-BBE5-F19AA4B3DEC7}.Release|Any CPU.Deploy.0 = Release|Any CPU
		{3EE3312C-EDEA-4277-BBE5-F19AA4B3DEC7}.Release|ARM.ActiveCfg = Release|Any CPU
		{3EE3312C-EDEA-4277-BBE5-F19AA4B3DEC7}.Release|ARM.Build.0 = Release|Any CPU
		{3EE3312C-EDEA-4277-BBE5-F19AA4B3DEC7}.Release|ARM.Deploy.0 = Release|Any CPU
		{3EE3312C-EDEA-4277-BBE5-F19AA4B3DEC7}.Release|iPhone.ActiveCfg = Release|Any CPU
		{3EE3312C-EDEA-4277-BBE5-F19AA4B3DEC7}.Release|iPhone.Build.0 = Release|Any CPU
		{3EE3312C-EDEA-4277-BBE5-F19AA4B3DEC7}.Release|iPhone.Deploy.0 = Release|Any CPU
		{3EE3312C-EDEA-4277-BBE5-F19AA4B3DEC7}.Release|iPhoneSimulator.ActiveCfg = Release|Any CPU
		{3EE3312C-EDEA-4277-BBE5-F19AA4B3DEC7}.Release|iPhoneSimulator.Build.0 = Release|Any CPU
		{3EE3312C-EDEA-4277-BBE5-F19AA4B3DEC7}.Release|iPhoneSimulator.Deploy.0 = Release|Any CPU
		{3EE3312C-EDEA-4277-BBE5-F19AA4B3DEC7}.Release|x64.ActiveCfg = Release|Any CPU
		{3EE3312C-EDEA-4277-BBE5-F19AA4B3DEC7}.Release|x64.Build.0 = Release|Any CPU
		{3EE3312C-EDEA-4277-BBE5-F19AA4B3DEC7}.Release|x64.Deploy.0 = Release|Any CPU
		{3EE3312C-EDEA-4277-BBE5-F19AA4B3DEC7}.Release|x86.ActiveCfg = Release|Any CPU
		{3EE3312C-EDEA-4277-BBE5-F19AA4B3DEC7}.Release|x86.Build.0 = Release|Any CPU
		{3EE3312C-EDEA-4277-BBE5-F19AA4B3DEC7}.Release|x86.Deploy.0 = Release|Any CPU
		{5EF48638-E31A-44FE-85F9-EC95D2AD746B}.Ad-Hoc|Any CPU.ActiveCfg = Ad-Hoc|iPhone
		{5EF48638-E31A-44FE-85F9-EC95D2AD746B}.Ad-Hoc|Any CPU.Build.0 = Ad-Hoc|iPhone
		{5EF48638-E31A-44FE-85F9-EC95D2AD746B}.Ad-Hoc|Any CPU.Deploy.0 = Ad-Hoc|iPhone
		{5EF48638-E31A-44FE-85F9-EC95D2AD746B}.Ad-Hoc|ARM.ActiveCfg = Ad-Hoc|iPhone
		{5EF48638-E31A-44FE-85F9-EC95D2AD746B}.Ad-Hoc|ARM.Build.0 = Ad-Hoc|iPhone
		{5EF48638-E31A-44FE-85F9-EC95D2AD746B}.Ad-Hoc|ARM.Deploy.0 = Ad-Hoc|iPhone
		{5EF48638-E31A-44FE-85F9-EC95D2AD746B}.Ad-Hoc|iPhone.ActiveCfg = Ad-Hoc|iPhone
		{5EF48638-E31A-44FE-85F9-EC95D2AD746B}.Ad-Hoc|iPhone.Build.0 = Ad-Hoc|iPhone
		{5EF48638-E31A-44FE-85F9-EC95D2AD746B}.Ad-Hoc|iPhone.Deploy.0 = Ad-Hoc|iPhone
		{5EF48638-E31A-44FE-85F9-EC95D2AD746B}.Ad-Hoc|iPhoneSimulator.ActiveCfg = Ad-Hoc|iPhoneSimulator
		{5EF48638-E31A-44FE-85F9-EC95D2AD746B}.Ad-Hoc|iPhoneSimulator.Build.0 = Ad-Hoc|iPhoneSimulator
		{5EF48638-E31A-44FE-85F9-EC95D2AD746B}.Ad-Hoc|iPhoneSimulator.Deploy.0 = Ad-Hoc|iPhoneSimulator
		{5EF48638-E31A-44FE-85F9-EC95D2AD746B}.Ad-Hoc|x64.ActiveCfg = Ad-Hoc|iPhone
		{5EF48638-E31A-44FE-85F9-EC95D2AD746B}.Ad-Hoc|x64.Build.0 = Ad-Hoc|iPhone
		{5EF48638-E31A-44FE-85F9-EC95D2AD746B}.Ad-Hoc|x64.Deploy.0 = Ad-Hoc|iPhone
		{5EF48638-E31A-44FE-85F9-EC95D2AD746B}.Ad-Hoc|x86.ActiveCfg = Ad-Hoc|iPhone
		{5EF48638-E31A-44FE-85F9-EC95D2AD746B}.Ad-Hoc|x86.Build.0 = Ad-Hoc|iPhone
		{5EF48638-E31A-44FE-85F9-EC95D2AD746B}.Ad-Hoc|x86.Deploy.0 = Ad-Hoc|iPhone
		{5EF48638-E31A-44FE-85F9-EC95D2AD746B}.AppStore|Any CPU.ActiveCfg = AppStore|iPhone
		{5EF48638-E31A-44FE-85F9-EC95D2AD746B}.AppStore|Any CPU.Build.0 = AppStore|iPhone
		{5EF48638-E31A-44FE-85F9-EC95D2AD746B}.AppStore|Any CPU.Deploy.0 = AppStore|iPhone
		{5EF48638-E31A-44FE-85F9-EC95D2AD746B}.AppStore|ARM.ActiveCfg = AppStore|iPhone
		{5EF48638-E31A-44FE-85F9-EC95D2AD746B}.AppStore|ARM.Build.0 = AppStore|iPhone
		{5EF48638-E31A-44FE-85F9-EC95D2AD746B}.AppStore|ARM.Deploy.0 = AppStore|iPhone
		{5EF48638-E31A-44FE-85F9-EC95D2AD746B}.AppStore|iPhone.ActiveCfg = AppStore|iPhone
		{5EF48638-E31A-44FE-85F9-EC95D2AD746B}.AppStore|iPhone.Build.0 = AppStore|iPhone
		{5EF48638-E31A-44FE-85F9-EC95D2AD746B}.AppStore|iPhone.Deploy.0 = AppStore|iPhone
		{5EF48638-E31A-44FE-85F9-EC95D2AD746B}.AppStore|iPhoneSimulator.ActiveCfg = AppStore|iPhoneSimulator
		{5EF48638-E31A-44FE-85F9-EC95D2AD746B}.AppStore|iPhoneSimulator.Build.0 = AppStore|iPhoneSimulator
		{5EF48638-E31A-44FE-85F9-EC95D2AD746B}.AppStore|iPhoneSimulator.Deploy.0 = AppStore|iPhoneSimulator
		{5EF48638-E31A-44FE-85F9-EC95D2AD746B}.AppStore|x64.ActiveCfg = AppStore|iPhone
		{5EF48638-E31A-44FE-85F9-EC95D2AD746B}.AppStore|x64.Build.0 = AppStore|iPhone
		{5EF48638-E31A-44FE-85F9-EC95D2AD746B}.AppStore|x64.Deploy.0 = AppStore|iPhone
		{5EF48638-E31A-44FE-85F9-EC95D2AD746B}.AppStore|x86.ActiveCfg = AppStore|iPhone
		{5EF48638-E31A-44FE-85F9-EC95D2AD746B}.AppStore|x86.Build.0 = AppStore|iPhone
		{5EF48638-E31A-44FE-85F9-EC95D2AD746B}.AppStore|x86.Deploy.0 = AppStore|iPhone
		{5EF48638-E31A-44FE-85F9-EC95D2AD746B}.Debug|Any CPU.ActiveCfg = Debug|iPhoneSimulator
		{5EF48638-E31A-44FE-85F9-EC95D2AD746B}.Debug|Any CPU.Build.0 = Debug|iPhoneSimulator
		{5EF48638-E31A-44FE-85F9-EC95D2AD746B}.Debug|Any CPU.Deploy.0 = Debug|iPhoneSimulator
		{5EF48638-E31A-44FE-85F9-EC95D2AD746B}.Debug|ARM.ActiveCfg = Debug|iPhone
		{5EF48638-E31A-44FE-85F9-EC95D2AD746B}.Debug|ARM.Build.0 = Debug|iPhone
		{5EF48638-E31A-44FE-85F9-EC95D2AD746B}.Debug|ARM.Deploy.0 = Debug|iPhone
		{5EF48638-E31A-44FE-85F9-EC95D2AD746B}.Debug|iPhone.ActiveCfg = Debug|iPhone
		{5EF48638-E31A-44FE-85F9-EC95D2AD746B}.Debug|iPhone.Build.0 = Debug|iPhone
		{5EF48638-E31A-44FE-85F9-EC95D2AD746B}.Debug|iPhone.Deploy.0 = Debug|iPhone
		{5EF48638-E31A-44FE-85F9-EC95D2AD746B}.Debug|iPhoneSimulator.ActiveCfg = Debug|iPhoneSimulator
		{5EF48638-E31A-44FE-85F9-EC95D2AD746B}.Debug|iPhoneSimulator.Build.0 = Debug|iPhoneSimulator
		{5EF48638-E31A-44FE-85F9-EC95D2AD746B}.Debug|iPhoneSimulator.Deploy.0 = Debug|iPhoneSimulator
		{5EF48638-E31A-44FE-85F9-EC95D2AD746B}.Debug|x64.ActiveCfg = Debug|iPhone
		{5EF48638-E31A-44FE-85F9-EC95D2AD746B}.Debug|x64.Build.0 = Debug|iPhone
		{5EF48638-E31A-44FE-85F9-EC95D2AD746B}.Debug|x64.Deploy.0 = Debug|iPhone
		{5EF48638-E31A-44FE-85F9-EC95D2AD746B}.Debug|x86.ActiveCfg = Debug|iPhone
		{5EF48638-E31A-44FE-85F9-EC95D2AD746B}.Debug|x86.Build.0 = Debug|iPhone
		{5EF48638-E31A-44FE-85F9-EC95D2AD746B}.Debug|x86.Deploy.0 = Debug|iPhone
		{5EF48638-E31A-44FE-85F9-EC95D2AD746B}.Release|Any CPU.ActiveCfg = Release|iPhone
		{5EF48638-E31A-44FE-85F9-EC95D2AD746B}.Release|Any CPU.Build.0 = Release|iPhone
		{5EF48638-E31A-44FE-85F9-EC95D2AD746B}.Release|Any CPU.Deploy.0 = Release|iPhone
		{5EF48638-E31A-44FE-85F9-EC95D2AD746B}.Release|ARM.ActiveCfg = Release|iPhone
		{5EF48638-E31A-44FE-85F9-EC95D2AD746B}.Release|ARM.Build.0 = Release|iPhone
		{5EF48638-E31A-44FE-85F9-EC95D2AD746B}.Release|ARM.Deploy.0 = Release|iPhone
		{5EF48638-E31A-44FE-85F9-EC95D2AD746B}.Release|iPhone.ActiveCfg = Release|iPhone
		{5EF48638-E31A-44FE-85F9-EC95D2AD746B}.Release|iPhone.Build.0 = Release|iPhone
		{5EF48638-E31A-44FE-85F9-EC95D2AD746B}.Release|iPhone.Deploy.0 = Release|iPhone
		{5EF48638-E31A-44FE-85F9-EC95D2AD746B}.Release|iPhoneSimulator.ActiveCfg = Release|iPhoneSimulator
		{5EF48638-E31A-44FE-85F9-EC95D2AD746B}.Release|iPhoneSimulator.Build.0 = Release|iPhoneSimulator
		{5EF48638-E31A-44FE-85F9-EC95D2AD746B}.Release|iPhoneSimulator.Deploy.0 = Release|iPhoneSimulator
		{5EF48638-E31A-44FE-85F9-EC95D2AD746B}.Release|x64.ActiveCfg = Release|iPhone
		{5EF48638-E31A-44FE-85F9-EC95D2AD746B}.Release|x64.Build.0 = Release|iPhone
		{5EF48638-E31A-44FE-85F9-EC95D2AD746B}.Release|x64.Deploy.0 = Release|iPhone
		{5EF48638-E31A-44FE-85F9-EC95D2AD746B}.Release|x86.ActiveCfg = Release|iPhone
		{5EF48638-E31A-44FE-85F9-EC95D2AD746B}.Release|x86.Build.0 = Release|iPhone
		{5EF48638-E31A-44FE-85F9-EC95D2AD746B}.Release|x86.Deploy.0 = Release|iPhone
		{73D6E7C8-BB3B-41BF-9A3B-0DC0EA295C54}.Ad-Hoc|Any CPU.ActiveCfg = Release|x86
		{73D6E7C8-BB3B-41BF-9A3B-0DC0EA295C54}.Ad-Hoc|Any CPU.Build.0 = Release|x86
		{73D6E7C8-BB3B-41BF-9A3B-0DC0EA295C54}.Ad-Hoc|Any CPU.Deploy.0 = Release|x86
		{73D6E7C8-BB3B-41BF-9A3B-0DC0EA295C54}.Ad-Hoc|ARM.ActiveCfg = Release|ARM
		{73D6E7C8-BB3B-41BF-9A3B-0DC0EA295C54}.Ad-Hoc|ARM.Build.0 = Release|ARM
		{73D6E7C8-BB3B-41BF-9A3B-0DC0EA295C54}.Ad-Hoc|ARM.Deploy.0 = Release|ARM
		{73D6E7C8-BB3B-41BF-9A3B-0DC0EA295C54}.Ad-Hoc|iPhone.ActiveCfg = Release|x86
		{73D6E7C8-BB3B-41BF-9A3B-0DC0EA295C54}.Ad-Hoc|iPhone.Build.0 = Release|x86
		{73D6E7C8-BB3B-41BF-9A3B-0DC0EA295C54}.Ad-Hoc|iPhone.Deploy.0 = Release|x86
		{73D6E7C8-BB3B-41BF-9A3B-0DC0EA295C54}.Ad-Hoc|iPhoneSimulator.ActiveCfg = Release|x86
		{73D6E7C8-BB3B-41BF-9A3B-0DC0EA295C54}.Ad-Hoc|iPhoneSimulator.Build.0 = Release|x86
		{73D6E7C8-BB3B-41BF-9A3B-0DC0EA295C54}.Ad-Hoc|iPhoneSimulator.Deploy.0 = Release|x86
		{73D6E7C8-BB3B-41BF-9A3B-0DC0EA295C54}.Ad-Hoc|x64.ActiveCfg = Release|x64
		{73D6E7C8-BB3B-41BF-9A3B-0DC0EA295C54}.Ad-Hoc|x64.Build.0 = Release|x64
		{73D6E7C8-BB3B-41BF-9A3B-0DC0EA295C54}.Ad-Hoc|x64.Deploy.0 = Release|x64
		{73D6E7C8-BB3B-41BF-9A3B-0DC0EA295C54}.Ad-Hoc|x86.ActiveCfg = Release|x86
		{73D6E7C8-BB3B-41BF-9A3B-0DC0EA295C54}.Ad-Hoc|x86.Build.0 = Release|x86
		{73D6E7C8-BB3B-41BF-9A3B-0DC0EA295C54}.Ad-Hoc|x86.Deploy.0 = Release|x86
		{73D6E7C8-BB3B-41BF-9A3B-0DC0EA295C54}.AppStore|Any CPU.ActiveCfg = Release|x86
		{73D6E7C8-BB3B-41BF-9A3B-0DC0EA295C54}.AppStore|Any CPU.Build.0 = Release|x86
		{73D6E7C8-BB3B-41BF-9A3B-0DC0EA295C54}.AppStore|Any CPU.Deploy.0 = Release|x86
		{73D6E7C8-BB3B-41BF-9A3B-0DC0EA295C54}.AppStore|ARM.ActiveCfg = Release|ARM
		{73D6E7C8-BB3B-41BF-9A3B-0DC0EA295C54}.AppStore|ARM.Build.0 = Release|ARM
		{73D6E7C8-BB3B-41BF-9A3B-0DC0EA295C54}.AppStore|ARM.Deploy.0 = Release|ARM
		{73D6E7C8-BB3B-41BF-9A3B-0DC0EA295C54}.AppStore|iPhone.ActiveCfg = Release|x86
		{73D6E7C8-BB3B-41BF-9A3B-0DC0EA295C54}.AppStore|iPhone.Build.0 = Release|x86
		{73D6E7C8-BB3B-41BF-9A3B-0DC0EA295C54}.AppStore|iPhone.Deploy.0 = Release|x86
		{73D6E7C8-BB3B-41BF-9A3B-0DC0EA295C54}.AppStore|iPhoneSimulator.ActiveCfg = Release|x86
		{73D6E7C8-BB3B-41BF-9A3B-0DC0EA295C54}.AppStore|iPhoneSimulator.Build.0 = Release|x86
		{73D6E7C8-BB3B-41BF-9A3B-0DC0EA295C54}.AppStore|iPhoneSimulator.Deploy.0 = Release|x86
		{73D6E7C8-BB3B-41BF-9A3B-0DC0EA295C54}.AppStore|x64.ActiveCfg = Release|x64
		{73D6E7C8-BB3B-41BF-9A3B-0DC0EA295C54}.AppStore|x64.Build.0 = Release|x64
		{73D6E7C8-BB3B-41BF-9A3B-0DC0EA295C54}.AppStore|x64.Deploy.0 = Release|x64
		{73D6E7C8-BB3B-41BF-9A3B-0DC0EA295C54}.AppStore|x86.ActiveCfg = Release|x86
		{73D6E7C8-BB3B-41BF-9A3B-0DC0EA295C54}.AppStore|x86.Build.0 = Release|x86
		{73D6E7C8-BB3B-41BF-9A3B-0DC0EA295C54}.AppStore|x86.Deploy.0 = Release|x86
		{73D6E7C8-BB3B-41BF-9A3B-0DC0EA295C54}.Debug|Any CPU.ActiveCfg = Debug|x86
		{73D6E7C8-BB3B-41BF-9A3B-0DC0EA295C54}.Debug|Any CPU.Build.0 = Debug|x86
		{73D6E7C8-BB3B-41BF-9A3B-0DC0EA295C54}.Debug|Any CPU.Deploy.0 = Debug|x86
		{73D6E7C8-BB3B-41BF-9A3B-0DC0EA295C54}.Debug|ARM.ActiveCfg = Debug|ARM
		{73D6E7C8-BB3B-41BF-9A3B-0DC0EA295C54}.Debug|ARM.Build.0 = Debug|ARM
		{73D6E7C8-BB3B-41BF-9A3B-0DC0EA295C54}.Debug|ARM.Deploy.0 = Debug|ARM
		{73D6E7C8-BB3B-41BF-9A3B-0DC0EA295C54}.Debug|iPhone.ActiveCfg = Debug|x86
		{73D6E7C8-BB3B-41BF-9A3B-0DC0EA295C54}.Debug|iPhone.Build.0 = Debug|x86
		{73D6E7C8-BB3B-41BF-9A3B-0DC0EA295C54}.Debug|iPhone.Deploy.0 = Debug|x86
		{73D6E7C8-BB3B-41BF-9A3B-0DC0EA295C54}.Debug|iPhoneSimulator.ActiveCfg = Debug|x86
		{73D6E7C8-BB3B-41BF-9A3B-0DC0EA295C54}.Debug|iPhoneSimulator.Build.0 = Debug|x86
		{73D6E7C8-BB3B-41BF-9A3B-0DC0EA295C54}.Debug|iPhoneSimulator.Deploy.0 = Debug|x86
		{73D6E7C8-BB3B-41BF-9A3B-0DC0EA295C54}.Debug|x64.ActiveCfg = Debug|x64
		{73D6E7C8-BB3B-41BF-9A3B-0DC0EA295C54}.Debug|x64.Build.0 = Debug|x64
		{73D6E7C8-BB3B-41BF-9A3B-0DC0EA295C54}.Debug|x64.Deploy.0 = Debug|x64
		{73D6E7C8-BB3B-41BF-9A3B-0DC0EA295C54}.Debug|x86.ActiveCfg = Debug|x86
		{73D6E7C8-BB3B-41BF-9A3B-0DC0EA295C54}.Debug|x86.Build.0 = Debug|x86
		{73D6E7C8-BB3B-41BF-9A3B-0DC0EA295C54}.Debug|x86.Deploy.0 = Debug|x86
		{73D6E7C8-BB3B-41BF-9A3B-0DC0EA295C54}.Release|Any CPU.ActiveCfg = Release|x86
		{73D6E7C8-BB3B-41BF-9A3B-0DC0EA295C54}.Release|Any CPU.Build.0 = Release|x86
		{73D6E7C8-BB3B-41BF-9A3B-0DC0EA295C54}.Release|Any CPU.Deploy.0 = Release|x86
		{73D6E7C8-BB3B-41BF-9A3B-0DC0EA295C54}.Release|ARM.ActiveCfg = Release|ARM
		{73D6E7C8-BB3B-41BF-9A3B-0DC0EA295C54}.Release|ARM.Build.0 = Release|ARM
		{73D6E7C8-BB3B-41BF-9A3B-0DC0EA295C54}.Release|ARM.Deploy.0 = Release|ARM
		{73D6E7C8-BB3B-41BF-9A3B-0DC0EA295C54}.Release|iPhone.ActiveCfg = Release|x86
		{73D6E7C8-BB3B-41BF-9A3B-0DC0EA295C54}.Release|iPhone.Build.0 = Release|x86
		{73D6E7C8-BB3B-41BF-9A3B-0DC0EA295C54}.Release|iPhone.Deploy.0 = Release|x86
		{73D6E7C8-BB3B-41BF-9A3B-0DC0EA295C54}.Release|iPhoneSimulator.ActiveCfg = Release|x86
		{73D6E7C8-BB3B-41BF-9A3B-0DC0EA295C54}.Release|iPhoneSimulator.Build.0 = Release|x86
		{73D6E7C8-BB3B-41BF-9A3B-0DC0EA295C54}.Release|iPhoneSimulator.Deploy.0 = Release|x86
		{73D6E7C8-BB3B-41BF-9A3B-0DC0EA295C54}.Release|x64.ActiveCfg = Release|x64
		{73D6E7C8-BB3B-41BF-9A3B-0DC0EA295C54}.Release|x64.Build.0 = Release|x64
		{73D6E7C8-BB3B-41BF-9A3B-0DC0EA295C54}.Release|x64.Deploy.0 = Release|x64
		{73D6E7C8-BB3B-41BF-9A3B-0DC0EA295C54}.Release|x86.ActiveCfg = Release|x86
		{73D6E7C8-BB3B-41BF-9A3B-0DC0EA295C54}.Release|x86.Build.0 = Release|x86
		{73D6E7C8-BB3B-41BF-9A3B-0DC0EA295C54}.Release|x86.Deploy.0 = Release|x86
	EndGlobalSection
	GlobalSection(SolutionProperties) = preSolution
		HideSolutionNode = FALSE
	EndGlobalSection
EndGlobal
